// !$*UTF8*$!
{
	archiveVersion = 1;
	classes = {
	};
	objectVersion = 56;
	objects = {

/* Begin PBXBuildFile section */
		811EC5182BA282C400C0C249 /* TimerObject.swift in Sources */ = {isa = PBXBuildFile; fileRef = 811EC5172BA282C400C0C249 /* TimerObject.swift */; };
		81AD240C2B8EBF710059289E /* TimeTrackerApp.swift in Sources */ = {isa = PBXBuildFile; fileRef = 81AD240B2B8EBF710059289E /* TimeTrackerApp.swift */; };
		81AD240E2B8EBF710059289E /* ContentView.swift in Sources */ = {isa = PBXBuildFile; fileRef = 81AD240D2B8EBF710059289E /* ContentView.swift */; };
		81AD24102B8EBF730059289E /* Assets.xcassets in Resources */ = {isa = PBXBuildFile; fileRef = 81AD240F2B8EBF730059289E /* Assets.xcassets */; };
		81AD24132B8EBF730059289E /* Preview Assets.xcassets in Resources */ = {isa = PBXBuildFile; fileRef = 81AD24122B8EBF730059289E /* Preview Assets.xcassets */; };
		81AD241D2B8EBF730059289E /* TimeTrackerTests.swift in Sources */ = {isa = PBXBuildFile; fileRef = 81AD241C2B8EBF730059289E /* TimeTrackerTests.swift */; };
		81AD24272B8EBF730059289E /* TimeTrackerUITests.swift in Sources */ = {isa = PBXBuildFile; fileRef = 81AD24262B8EBF730059289E /* TimeTrackerUITests.swift */; };
		81AD24292B8EBF730059289E /* TimeTrackerUITestsLaunchTests.swift in Sources */ = {isa = PBXBuildFile; fileRef = 81AD24282B8EBF730059289E /* TimeTrackerUITestsLaunchTests.swift */; };
		81AD24362B8EBFEC0059289E /* colors.swift in Sources */ = {isa = PBXBuildFile; fileRef = 81AD24352B8EBFEC0059289E /* colors.swift */; };
		81BEEBF52BC890B70013D507 /* HeaderView.swift in Sources */ = {isa = PBXBuildFile; fileRef = 81BEEBF42BC890B70013D507 /* HeaderView.swift */; };
/* End PBXBuildFile section */

/* Begin PBXContainerItemProxy section */
		81AD24192B8EBF730059289E /* PBXContainerItemProxy */ = {
			isa = PBXContainerItemProxy;
			containerPortal = 81AD24002B8EBF710059289E /* Project object */;
			proxyType = 1;
			remoteGlobalIDString = 81AD24072B8EBF710059289E;
			remoteInfo = TimeTracker;
		};
		81AD24232B8EBF730059289E /* PBXContainerItemProxy */ = {
			isa = PBXContainerItemProxy;
			containerPortal = 81AD24002B8EBF710059289E /* Project object */;
			proxyType = 1;
			remoteGlobalIDString = 81AD24072B8EBF710059289E;
			remoteInfo = TimeTracker;
		};
/* End PBXContainerItemProxy section */

/* Begin PBXFileReference section */
		811EC5172BA282C400C0C249 /* TimerObject.swift */ = {isa = PBXFileReference; lastKnownFileType = sourcecode.swift; path = TimerObject.swift; sourceTree = "<group>"; };
		81AD24082B8EBF710059289E /* TimeTracker.app */ = {isa = PBXFileReference; explicitFileType = wrapper.application; includeInIndex = 0; path = TimeTracker.app; sourceTree = BUILT_PRODUCTS_DIR; };
		81AD240B2B8EBF710059289E /* TimeTrackerApp.swift */ = {isa = PBXFileReference; lastKnownFileType = sourcecode.swift; path = TimeTrackerApp.swift; sourceTree = "<group>"; };
		81AD240D2B8EBF710059289E /* ContentView.swift */ = {isa = PBXFileReference; lastKnownFileType = sourcecode.swift; path = ContentView.swift; sourceTree = "<group>"; };
		81AD240F2B8EBF730059289E /* Assets.xcassets */ = {isa = PBXFileReference; lastKnownFileType = folder.assetcatalog; path = Assets.xcassets; sourceTree = "<group>"; };
		81AD24122B8EBF730059289E /* Preview Assets.xcassets */ = {isa = PBXFileReference; lastKnownFileType = folder.assetcatalog; path = "Preview Assets.xcassets"; sourceTree = "<group>"; };
		81AD24182B8EBF730059289E /* TimeTrackerTests.xctest */ = {isa = PBXFileReference; explicitFileType = wrapper.cfbundle; includeInIndex = 0; path = TimeTrackerTests.xctest; sourceTree = BUILT_PRODUCTS_DIR; };
		81AD241C2B8EBF730059289E /* TimeTrackerTests.swift */ = {isa = PBXFileReference; lastKnownFileType = sourcecode.swift; path = TimeTrackerTests.swift; sourceTree = "<group>"; };
		81AD24222B8EBF730059289E /* TimeTrackerUITests.xctest */ = {isa = PBXFileReference; explicitFileType = wrapper.cfbundle; includeInIndex = 0; path = TimeTrackerUITests.xctest; sourceTree = BUILT_PRODUCTS_DIR; };
		81AD24262B8EBF730059289E /* TimeTrackerUITests.swift */ = {isa = PBXFileReference; lastKnownFileType = sourcecode.swift; path = TimeTrackerUITests.swift; sourceTree = "<group>"; };
		81AD24282B8EBF730059289E /* TimeTrackerUITestsLaunchTests.swift */ = {isa = PBXFileReference; lastKnownFileType = sourcecode.swift; path = TimeTrackerUITestsLaunchTests.swift; sourceTree = "<group>"; };
		81AD24352B8EBFEC0059289E /* colors.swift */ = {isa = PBXFileReference; lastKnownFileType = sourcecode.swift; path = colors.swift; sourceTree = "<group>"; };
		81BEEBF22BBEF64C0013D507 /* resources.txt */ = {isa = PBXFileReference; lastKnownFileType = text; path = resources.txt; sourceTree = "<group>"; };
		81BEEBF32BC8330F0013D507 /* todo.txt */ = {isa = PBXFileReference; lastKnownFileType = text; path = todo.txt; sourceTree = "<group>"; };
		81BEEBF42BC890B70013D507 /* HeaderView.swift */ = {isa = PBXFileReference; lastKnownFileType = sourcecode.swift; path = HeaderView.swift; sourceTree = "<group>"; };
/* End PBXFileReference section */

/* Begin PBXFrameworksBuildPhase section */
		81AD24052B8EBF710059289E /* Frameworks */ = {
			isa = PBXFrameworksBuildPhase;
			buildActionMask = 2147483647;
			files = (
			);
			runOnlyForDeploymentPostprocessing = 0;
		};
		81AD24152B8EBF730059289E /* Frameworks */ = {
			isa = PBXFrameworksBuildPhase;
			buildActionMask = 2147483647;
			files = (
			);
			runOnlyForDeploymentPostprocessing = 0;
		};
		81AD241F2B8EBF730059289E /* Frameworks */ = {
			isa = PBXFrameworksBuildPhase;
			buildActionMask = 2147483647;
			files = (
			);
			runOnlyForDeploymentPostprocessing = 0;
		};
/* End PBXFrameworksBuildPhase section */

/* Begin PBXGroup section */
		81AD23FF2B8EBF710059289E = {
			isa = PBXGroup;
			children = (
				81AD240A2B8EBF710059289E /* TimeTracker */,
				81AD241B2B8EBF730059289E /* TimeTrackerTests */,
				81AD24252B8EBF730059289E /* TimeTrackerUITests */,
				81AD24092B8EBF710059289E /* Products */,
			);
			sourceTree = "<group>";
		};
		81AD24092B8EBF710059289E /* Products */ = {
			isa = PBXGroup;
			children = (
				81AD24082B8EBF710059289E /* TimeTracker.app */,
				81AD24182B8EBF730059289E /* TimeTrackerTests.xctest */,
				81AD24222B8EBF730059289E /* TimeTrackerUITests.xctest */,
			);
			name = Products;
			sourceTree = "<group>";
		};
		81AD240A2B8EBF710059289E /* TimeTracker */ = {
			isa = PBXGroup;
			children = (
				81AD240B2B8EBF710059289E /* TimeTrackerApp.swift */,
				81AD240D2B8EBF710059289E /* ContentView.swift */,
				81BEEBF42BC890B70013D507 /* HeaderView.swift */,
				81BEEBF32BC8330F0013D507 /* todo.txt */,
				81BEEBF22BBEF64C0013D507 /* resources.txt */,
				811EC5172BA282C400C0C249 /* TimerObject.swift */,
				81AD24352B8EBFEC0059289E /* colors.swift */,
				81AD240F2B8EBF730059289E /* Assets.xcassets */,
				81AD24112B8EBF730059289E /* Preview Content */,
			);
			path = TimeTracker;
			sourceTree = "<group>";
		};
		81AD24112B8EBF730059289E /* Preview Content */ = {
			isa = PBXGroup;
			children = (
				81AD24122B8EBF730059289E /* Preview Assets.xcassets */,
			);
			path = "Preview Content";
			sourceTree = "<group>";
		};
		81AD241B2B8EBF730059289E /* TimeTrackerTests */ = {
			isa = PBXGroup;
			children = (
				81AD241C2B8EBF730059289E /* TimeTrackerTests.swift */,
			);
			path = TimeTrackerTests;
			sourceTree = "<group>";
		};
		81AD24252B8EBF730059289E /* TimeTrackerUITests */ = {
			isa = PBXGroup;
			children = (
				81AD24262B8EBF730059289E /* TimeTrackerUITests.swift */,
				81AD24282B8EBF730059289E /* TimeTrackerUITestsLaunchTests.swift */,
			);
			path = TimeTrackerUITests;
			sourceTree = "<group>";
		};
/* End PBXGroup section */

/* Begin PBXNativeTarget section */
		81AD24072B8EBF710059289E /* TimeTracker */ = {
			isa = PBXNativeTarget;
			buildConfigurationList = 81AD242C2B8EBF730059289E /* Build configuration list for PBXNativeTarget "TimeTracker" */;
			buildPhases = (
				81AD24042B8EBF710059289E /* Sources */,
				81AD24052B8EBF710059289E /* Frameworks */,
				81AD24062B8EBF710059289E /* Resources */,
			);
			buildRules = (
			);
			dependencies = (
			);
			name = TimeTracker;
			productName = TimeTracker;
			productReference = 81AD24082B8EBF710059289E /* TimeTracker.app */;
			productType = "com.apple.product-type.application";
		};
		81AD24172B8EBF730059289E /* TimeTrackerTests */ = {
			isa = PBXNativeTarget;
			buildConfigurationList = 81AD242F2B8EBF730059289E /* Build configuration list for PBXNativeTarget "TimeTrackerTests" */;
			buildPhases = (
				81AD24142B8EBF730059289E /* Sources */,
				81AD24152B8EBF730059289E /* Frameworks */,
				81AD24162B8EBF730059289E /* Resources */,
			);
			buildRules = (
			);
			dependencies = (
				81AD241A2B8EBF730059289E /* PBXTargetDependency */,
			);
			name = TimeTrackerTests;
			productName = TimeTrackerTests;
			productReference = 81AD24182B8EBF730059289E /* TimeTrackerTests.xctest */;
			productType = "com.apple.product-type.bundle.unit-test";
		};
		81AD24212B8EBF730059289E /* TimeTrackerUITests */ = {
			isa = PBXNativeTarget;
			buildConfigurationList = 81AD24322B8EBF730059289E /* Build configuration list for PBXNativeTarget "TimeTrackerUITests" */;
			buildPhases = (
				81AD241E2B8EBF730059289E /* Sources */,
				81AD241F2B8EBF730059289E /* Frameworks */,
				81AD24202B8EBF730059289E /* Resources */,
			);
			buildRules = (
			);
			dependencies = (
				81AD24242B8EBF730059289E /* PBXTargetDependency */,
			);
			name = TimeTrackerUITests;
			productName = TimeTrackerUITests;
			productReference = 81AD24222B8EBF730059289E /* TimeTrackerUITests.xctest */;
			productType = "com.apple.product-type.bundle.ui-testing";
		};
/* End PBXNativeTarget section */

/* Begin PBXProject section */
		81AD24002B8EBF710059289E /* Project object */ = {
			isa = PBXProject;
			attributes = {
				BuildIndependentTargetsInParallel = 1;
				LastSwiftUpdateCheck = 1520;
				LastUpgradeCheck = 1520;
				TargetAttributes = {
					81AD24072B8EBF710059289E = {
						CreatedOnToolsVersion = 15.2;
					};
					81AD24172B8EBF730059289E = {
						CreatedOnToolsVersion = 15.2;
						TestTargetID = 81AD24072B8EBF710059289E;
					};
					81AD24212B8EBF730059289E = {
						CreatedOnToolsVersion = 15.2;
						TestTargetID = 81AD24072B8EBF710059289E;
					};
				};
			};
			buildConfigurationList = 81AD24032B8EBF710059289E /* Build configuration list for PBXProject "TimeTracker" */;
			compatibilityVersion = "Xcode 14.0";
			developmentRegion = en;
			hasScannedForEncodings = 0;
			knownRegions = (
				en,
				Base,
			);
			mainGroup = 81AD23FF2B8EBF710059289E;
			productRefGroup = 81AD24092B8EBF710059289E /* Products */;
			projectDirPath = "";
			projectRoot = "";
			targets = (
				81AD24072B8EBF710059289E /* TimeTracker */,
				81AD24172B8EBF730059289E /* TimeTrackerTests */,
				81AD24212B8EBF730059289E /* TimeTrackerUITests */,
			);
		};
/* End PBXProject section */

/* Begin PBXResourcesBuildPhase section */
		81AD24062B8EBF710059289E /* Resources */ = {
			isa = PBXResourcesBuildPhase;
			buildActionMask = 2147483647;
			files = (
				81AD24132B8EBF730059289E /* Preview Assets.xcassets in Resources */,
				81AD24102B8EBF730059289E /* Assets.xcassets in Resources */,
			);
			runOnlyForDeploymentPostprocessing = 0;
		};
		81AD24162B8EBF730059289E /* Resources */ = {
			isa = PBXResourcesBuildPhase;
			buildActionMask = 2147483647;
			files = (
			);
			runOnlyForDeploymentPostprocessing = 0;
		};
		81AD24202B8EBF730059289E /* Resources */ = {
			isa = PBXResourcesBuildPhase;
			buildActionMask = 2147483647;
			files = (
			);
			runOnlyForDeploymentPostprocessing = 0;
		};
/* End PBXResourcesBuildPhase section */

/* Begin PBXSourcesBuildPhase section */
		81AD24042B8EBF710059289E /* Sources */ = {
			isa = PBXSourcesBuildPhase;
			buildActionMask = 2147483647;
			files = (
				81BEEBF52BC890B70013D507 /* HeaderView.swift in Sources */,
				811EC5182BA282C400C0C249 /* TimerObject.swift in Sources */,
				81AD240E2B8EBF710059289E /* ContentView.swift in Sources */,
				81AD24362B8EBFEC0059289E /* colors.swift in Sources */,
				81AD240C2B8EBF710059289E /* TimeTrackerApp.swift in Sources */,
			);
			runOnlyForDeploymentPostprocessing = 0;
		};
		81AD24142B8EBF730059289E /* Sources */ = {
			isa = PBXSourcesBuildPhase;
			buildActionMask = 2147483647;
			files = (
				81AD241D2B8EBF730059289E /* TimeTrackerTests.swift in Sources */,
			);
			runOnlyForDeploymentPostprocessing = 0;
		};
		81AD241E2B8EBF730059289E /* Sources */ = {
			isa = PBXSourcesBuildPhase;
			buildActionMask = 2147483647;
			files = (
				81AD24292B8EBF730059289E /* TimeTrackerUITestsLaunchTests.swift in Sources */,
				81AD24272B8EBF730059289E /* TimeTrackerUITests.swift in Sources */,
			);
			runOnlyForDeploymentPostprocessing = 0;
		};
/* End PBXSourcesBuildPhase section */

/* Begin PBXTargetDependency section */
		81AD241A2B8EBF730059289E /* PBXTargetDependency */ = {
			isa = PBXTargetDependency;
			target = 81AD24072B8EBF710059289E /* TimeTracker */;
			targetProxy = 81AD24192B8EBF730059289E /* PBXContainerItemProxy */;
		};
		81AD24242B8EBF730059289E /* PBXTargetDependency */ = {
			isa = PBXTargetDependency;
			target = 81AD24072B8EBF710059289E /* TimeTracker */;
			targetProxy = 81AD24232B8EBF730059289E /* PBXContainerItemProxy */;
		};
/* End PBXTargetDependency section */

/* Begin XCBuildConfiguration section */
		81AD242A2B8EBF730059289E /* Debug */ = {
			isa = XCBuildConfiguration;
			buildSettings = {
				ALWAYS_SEARCH_USER_PATHS = NO;
				ASSETCATALOG_COMPILER_GENERATE_SWIFT_ASSET_SYMBOL_EXTENSIONS = YES;
				CLANG_ANALYZER_NONNULL = YES;
				CLANG_ANALYZER_NUMBER_OBJECT_CONVERSION = YES_AGGRESSIVE;
				CLANG_CXX_LANGUAGE_STANDARD = "gnu++20";
				CLANG_ENABLE_MODULES = YES;
				CLANG_ENABLE_OBJC_ARC = YES;
				CLANG_ENABLE_OBJC_WEAK = YES;
				CLANG_WARN_BLOCK_CAPTURE_AUTORELEASING = YES;
				CLANG_WARN_BOOL_CONVERSION = YES;
				CLANG_WARN_COMMA = YES;
				CLANG_WARN_CONSTANT_CONVERSION = YES;
				CLANG_WARN_DEPRECATED_OBJC_IMPLEMENTATIONS = YES;
				CLANG_WARN_DIRECT_OBJC_ISA_USAGE = YES_ERROR;
				CLANG_WARN_DOCUMENTATION_COMMENTS = YES;
				CLANG_WARN_EMPTY_BODY = YES;
				CLANG_WARN_ENUM_CONVERSION = YES;
				CLANG_WARN_INFINITE_RECURSION = YES;
				CLANG_WARN_INT_CONVERSION = YES;
				CLANG_WARN_NON_LITERAL_NULL_CONVERSION = YES;
				CLANG_WARN_OBJC_IMPLICIT_RETAIN_SELF = YES;
				CLANG_WARN_OBJC_LITERAL_CONVERSION = YES;
				CLANG_WARN_OBJC_ROOT_CLASS = YES_ERROR;
				CLANG_WARN_QUOTED_INCLUDE_IN_FRAMEWORK_HEADER = YES;
				CLANG_WARN_RANGE_LOOP_ANALYSIS = YES;
				CLANG_WARN_STRICT_PROTOTYPES = YES;
				CLANG_WARN_SUSPICIOUS_MOVE = YES;
				CLANG_WARN_UNGUARDED_AVAILABILITY = YES_AGGRESSIVE;
				CLANG_WARN_UNREACHABLE_CODE = YES;
				CLANG_WARN__DUPLICATE_METHOD_MATCH = YES;
				COPY_PHASE_STRIP = NO;
				DEBUG_INFORMATION_FORMAT = dwarf;
				ENABLE_STRICT_OBJC_MSGSEND = YES;
				ENABLE_TESTABILITY = YES;
				ENABLE_USER_SCRIPT_SANDBOXING = YES;
				GCC_C_LANGUAGE_STANDARD = gnu17;
				GCC_DYNAMIC_NO_PIC = NO;
				GCC_NO_COMMON_BLOCKS = YES;
				GCC_OPTIMIZATION_LEVEL = 0;
				GCC_PREPROCESSOR_DEFINITIONS = (
					"DEBUG=1",
					"$(inherited)",
				);
				GCC_WARN_64_TO_32_BIT_CONVERSION = YES;
				GCC_WARN_ABOUT_RETURN_TYPE = YES_ERROR;
				GCC_WARN_UNDECLARED_SELECTOR = YES;
				GCC_WARN_UNINITIALIZED_AUTOS = YES_AGGRESSIVE;
				GCC_WARN_UNUSED_FUNCTION = YES;
				GCC_WARN_UNUSED_VARIABLE = YES;
				IPHONEOS_DEPLOYMENT_TARGET = 17.2;
				LOCALIZATION_PREFERS_STRING_CATALOGS = YES;
				MTL_ENABLE_DEBUG_INFO = INCLUDE_SOURCE;
				MTL_FAST_MATH = YES;
				ONLY_ACTIVE_ARCH = YES;
				SDKROOT = iphoneos;
				SWIFT_ACTIVE_COMPILATION_CONDITIONS = "DEBUG $(inherited)";
				SWIFT_OPTIMIZATION_LEVEL = "-Onone";
			};
			name = Debug;
		};
		81AD242B2B8EBF730059289E /* Release */ = {
			isa = XCBuildConfiguration;
			buildSettings = {
				ALWAYS_SEARCH_USER_PATHS = NO;
				ASSETCATALOG_COMPILER_GENERATE_SWIFT_ASSET_SYMBOL_EXTENSIONS = YES;
				CLANG_ANALYZER_NONNULL = YES;
				CLANG_ANALYZER_NUMBER_OBJECT_CONVERSION = YES_AGGRESSIVE;
				CLANG_CXX_LANGUAGE_STANDARD = "gnu++20";
				CLANG_ENABLE_MODULES = YES;
				CLANG_ENABLE_OBJC_ARC = YES;
				CLANG_ENABLE_OBJC_WEAK = YES;
				CLANG_WARN_BLOCK_CAPTURE_AUTORELEASING = YES;
				CLANG_WARN_BOOL_CONVERSION = YES;
				CLANG_WARN_COMMA = YES;
				CLANG_WARN_CONSTANT_CONVERSION = YES;
				CLANG_WARN_DEPRECATED_OBJC_IMPLEMENTATIONS = YES;
				CLANG_WARN_DIRECT_OBJC_ISA_USAGE = YES_ERROR;
				CLANG_WARN_DOCUMENTATION_COMMENTS = YES;
				CLANG_WARN_EMPTY_BODY = YES;
				CLANG_WARN_ENUM_CONVERSION = YES;
				CLANG_WARN_INFINITE_RECURSION = YES;
				CLANG_WARN_INT_CONVERSION = YES;
				CLANG_WARN_NON_LITERAL_NULL_CONVERSION = YES;
				CLANG_WARN_OBJC_IMPLICIT_RETAIN_SELF = YES;
				CLANG_WARN_OBJC_LITERAL_CONVERSION = YES;
				CLANG_WARN_OBJC_ROOT_CLASS = YES_ERROR;
				CLANG_WARN_QUOTED_INCLUDE_IN_FRAMEWORK_HEADER = YES;
				CLANG_WARN_RANGE_LOOP_ANALYSIS = YES;
				CLANG_WARN_STRICT_PROTOTYPES = YES;
				CLANG_WARN_SUSPICIOUS_MOVE = YES;
				CLANG_WARN_UNGUARDED_AVAILABILITY = YES_AGGRESSIVE;
				CLANG_WARN_UNREACHABLE_CODE = YES;
				CLANG_WARN__DUPLICATE_METHOD_MATCH = YES;
				COPY_PHASE_STRIP = NO;
				DEBUG_INFORMATION_FORMAT = "dwarf-with-dsym";
				ENABLE_NS_ASSERTIONS = NO;
				ENABLE_STRICT_OBJC_MSGSEND = YES;
				ENABLE_USER_SCRIPT_SANDBOXING = YES;
				GCC_C_LANGUAGE_STANDARD = gnu17;
				GCC_NO_COMMON_BLOCKS = YES;
				GCC_WARN_64_TO_32_BIT_CONVERSION = YES;
				GCC_WARN_ABOUT_RETURN_TYPE = YES_ERROR;
				GCC_WARN_UNDECLARED_SELECTOR = YES;
				GCC_WARN_UNINITIALIZED_AUTOS = YES_AGGRESSIVE;
				GCC_WARN_UNUSED_FUNCTION = YES;
				GCC_WARN_UNUSED_VARIABLE = YES;
				IPHONEOS_DEPLOYMENT_TARGET = 17.2;
				LOCALIZATION_PREFERS_STRING_CATALOGS = YES;
				MTL_ENABLE_DEBUG_INFO = NO;
				MTL_FAST_MATH = YES;
				SDKROOT = iphoneos;
				SWIFT_COMPILATION_MODE = wholemodule;
				VALIDATE_PRODUCT = YES;
			};
			name = Release;
		};
		81AD242D2B8EBF730059289E /* Debug */ = {
			isa = XCBuildConfiguration;
			buildSettings = {
				ASSETCATALOG_COMPILER_APPICON_NAME = AppIcon;
				ASSETCATALOG_COMPILER_GLOBAL_ACCENT_COLOR_NAME = AccentColor;
				CODE_SIGN_STYLE = Automatic;
				CURRENT_PROJECT_VERSION = 1;
				DEVELOPMENT_ASSET_PATHS = "\"TimeTracker/Preview Content\"";
				DEVELOPMENT_TEAM = 7S38WA5D7J;
				ENABLE_PREVIEWS = YES;
				GENERATE_INFOPLIST_FILE = YES;
				INFOPLIST_KEY_UIApplicationSceneManifest_Generation = YES;
				INFOPLIST_KEY_UIApplicationSupportsIndirectInputEvents = YES;
				INFOPLIST_KEY_UILaunchScreen_Generation = YES;
				INFOPLIST_KEY_UISupportedInterfaceOrientations_iPad = "UIInterfaceOrientationPortrait UIInterfaceOrientationPortraitUpsideDown UIInterfaceOrientationLandscapeLeft UIInterfaceOrientationLandscapeRight";
				INFOPLIST_KEY_UISupportedInterfaceOrientations_iPhone = "UIInterfaceOrientationPortrait UIInterfaceOrientationLandscapeLeft UIInterfaceOrientationLandscapeRight";
				LD_RUNPATH_SEARCH_PATHS = (
					"$(inherited)",
					"@executable_path/Frameworks",
				);
				MARKETING_VERSION = 1.0;
				PRODUCT_BUNDLE_IDENTIFIER = com.swol.TimeTracker;
				PRODUCT_NAME = "$(TARGET_NAME)";
				SWIFT_EMIT_LOC_STRINGS = YES;
				SWIFT_VERSION = 5.0;
				TARGETED_DEVICE_FAMILY = "1,2";
			};
			name = Debug;
		};
		81AD242E2B8EBF730059289E /* Release */ = {
			isa = XCBuildConfiguration;
			buildSettings = {
				ASSETCATALOG_COMPILER_APPICON_NAME = AppIcon;
				ASSETCATALOG_COMPILER_GLOBAL_ACCENT_COLOR_NAME = AccentColor;
				CODE_SIGN_STYLE = Automatic;
				CURRENT_PROJECT_VERSION = 1;
				DEVELOPMENT_ASSET_PATHS = "\"TimeTracker/Preview Content\"";
				DEVELOPMENT_TEAM = 7S38WA5D7J;
				ENABLE_PREVIEWS = YES;
				GENERATE_INFOPLIST_FILE = YES;
				INFOPLIST_KEY_UIApplicationSceneManifest_Generation = YES;
				INFOPLIST_KEY_UIApplicationSupportsIndirectInputEvents = YES;
				INFOPLIST_KEY_UILaunchScreen_Generation = YES;
				INFOPLIST_KEY_UISupportedInterfaceOrientations_iPad = "UIInterfaceOrientationPortrait UIInterfaceOrientationPortraitUpsideDown UIInterfaceOrientationLandscapeLeft UIInterfaceOrientationLandscapeRight";
				INFOPLIST_KEY_UISupportedInterfaceOrientations_iPhone = "UIInterfaceOrientationPortrait UIInterfaceOrientationLandscapeLeft UIInterfaceOrientationLandscapeRight";
				LD_RUNPATH_SEARCH_PATHS = (
					"$(inherited)",
					"@executable_path/Frameworks",
				);
				MARKETING_VERSION = 1.0;
				PRODUCT_BUNDLE_IDENTIFIER = com.swol.TimeTracker;
				PRODUCT_NAME = "$(TARGET_NAME)";
				SWIFT_EMIT_LOC_STRINGS = YES;
				SWIFT_VERSION = 5.0;
				TARGETED_DEVICE_FAMILY = "1,2";
			};
			name = Release;
		};
		81AD24302B8EBF730059289E /* Debug */ = {
			isa = XCBuildConfiguration;
			buildSettings = {
				ALWAYS_EMBED_SWIFT_STANDARD_LIBRARIES = YES;
				BUNDLE_LOADER = "$(TEST_HOST)";
				CODE_SIGN_STYLE = Automatic;
				CURRENT_PROJECT_VERSION = 1;
				DEVELOPMENT_TEAM = 7S38WA5D7J;
				GENERATE_INFOPLIST_FILE = YES;
				IPHONEOS_DEPLOYMENT_TARGET = 17.2;
				MARKETING_VERSION = 1.0;
				PRODUCT_BUNDLE_IDENTIFIER = com.swol.TimeTrackerTests;
				PRODUCT_NAME = "$(TARGET_NAME)";
				SWIFT_EMIT_LOC_STRINGS = NO;
				SWIFT_VERSION = 5.0;
				TARGETED_DEVICE_FAMILY = "1,2";
				TEST_HOST = "$(BUILT_PRODUCTS_DIR)/TimeTracker.app/$(BUNDLE_EXECUTABLE_FOLDER_PATH)/TimeTracker";
			};
			name = Debug;
		};
		81AD24312B8EBF730059289E /* Release */ = {
			isa = XCBuildConfiguration;
			buildSettings = {
				ALWAYS_EMBED_SWIFT_STANDARD_LIBRARIES = YES;
				BUNDLE_LOADER = "$(TEST_HOST)";
				CODE_SIGN_STYLE = Automatic;
				CURRENT_PROJECT_VERSION = 1;
				DEVELOPMENT_TEAM = 7S38WA5D7J;
				GENERATE_INFOPLIST_FILE = YES;
				IPHONEOS_DEPLOYMENT_TARGET = 17.2;
				MARKETING_VERSION = 1.0;
				PRODUCT_BUNDLE_IDENTIFIER = com.swol.TimeTrackerTests;
				PRODUCT_NAME = "$(TARGET_NAME)";
				SWIFT_EMIT_LOC_STRINGS = NO;
				SWIFT_VERSION = 5.0;
				TARGETED_DEVICE_FAMILY = "1,2";
				TEST_HOST = "$(BUILT_PRODUCTS_DIR)/TimeTracker.app/$(BUNDLE_EXECUTABLE_FOLDER_PATH)/TimeTracker";
			};
			name = Release;
		};
		81AD24332B8EBF730059289E /* Debug */ = {
			isa = XCBuildConfiguration;
			buildSettings = {
				ALWAYS_EMBED_SWIFT_STANDARD_LIBRARIES = YES;
				CODE_SIGN_STYLE = Automatic;
				CURRENT_PROJECT_VERSION = 1;
				DEVELOPMENT_TEAM = 7S38WA5D7J;
				GENERATE_INFOPLIST_FILE = YES;
				MARKETING_VERSION = 1.0;
				PRODUCT_BUNDLE_IDENTIFIER = com.swol.TimeTrackerUITests;
				PRODUCT_NAME = "$(TARGET_NAME)";
				SWIFT_EMIT_LOC_STRINGS = NO;
				SWIFT_VERSION = 5.0;
				TARGETED_DEVICE_FAMILY = "1,2";
				TEST_TARGET_NAME = TimeTracker;
			};
			name = Debug;
		};
		81AD24342B8EBF730059289E /* Release */ = {
			isa = XCBuildConfiguration;
			buildSettings = {
				ALWAYS_EMBED_SWIFT_STANDARD_LIBRARIES = YES;
				CODE_SIGN_STYLE = Automatic;
				CURRENT_PROJECT_VERSION = 1;
				DEVELOPMENT_TEAM = 7S38WA5D7J;
				GENERATE_INFOPLIST_FILE = YES;
				MARKETING_VERSION = 1.0;
				PRODUCT_BUNDLE_IDENTIFIER = com.swol.TimeTrackerUITests;
				PRODUCT_NAME = "$(TARGET_NAME)";
				SWIFT_EMIT_LOC_STRINGS = NO;
				SWIFT_VERSION = 5.0;
				TARGETED_DEVICE_FAMILY = "1,2";
				TEST_TARGET_NAME = TimeTracker;
			};
			name = Release;
		};
/* End XCBuildConfiguration section */

/* Begin XCConfigurationList section */
		81AD24032B8EBF710059289E /* Build configuration list for PBXProject "TimeTracker" */ = {
			isa = XCConfigurationList;
			buildConfigurations = (
				81AD242A2B8EBF730059289E /* Debug */,
				81AD242B2B8EBF730059289E /* Release */,
			);
			defaultConfigurationIsVisible = 0;
			defaultConfigurationName = Release;
		};
		81AD242C2B8EBF730059289E /* Build configuration list for PBXNativeTarget "TimeTracker" */ = {
			isa = XCConfigurationList;
			buildConfigurations = (
				81AD242D2B8EBF730059289E /* Debug */,
				81AD242E2B8EBF730059289E /* Release */,
			);
			defaultConfigurationIsVisible = 0;
			defaultConfigurationName = Release;
		};
		81AD242F2B8EBF730059289E /* Build configuration list for PBXNativeTarget "TimeTrackerTests" */ = {
			isa = XCConfigurationList;
			buildConfigurations = (
				81AD24302B8EBF730059289E /* Debug */,
				81AD24312B8EBF730059289E /* Release */,
			);
			defaultConfigurationIsVisible = 0;
			defaultConfigurationName = Release;
		};
		81AD24322B8EBF730059289E /* Build configuration list for PBXNativeTarget "TimeTrackerUITests" */ = {
			isa = XCConfigurationList;
			buildConfigurations = (
				81AD24332B8EBF730059289E /* Debug */,
				81AD24342B8EBF730059289E /* Release */,
			);
			defaultConfigurationIsVisible = 0;
			defaultConfigurationName = Release;
		};
/* End XCConfigurationList section */
	};
	rootObject = 81AD24002B8EBF710059289E /* Project object */;
}
